
Microsoft Visual Studio Solution File, Format Version 12.00
# Visual Studio Version 17
VisualStudioVersion = 17.9.34728.123
MinimumVisualStudioVersion = 10.0.40219.1
Project("{FAE04EC0-301F-11D3-BF4B-00C04F79EFBC}") = "ExercicioEstruturaFor", "ExercicioEstruturaFor\ExercicioEstruturaFor.csproj", "{E7241BA6-9C07-4F7D-B2C8-CC25BFC354ED}"
EndProject
Global
	GlobalSection(SolutionConfigurationPlatforms) = preSolution
		Debug|Any CPU = Debug|Any CPU
		Release|Any CPU = Release|Any CPU
	EndGlobalSection
	GlobalSection(ProjectConfigurationPlatforms) = postSolution
		{E7241BA6-9C07-4F7D-B2C8-CC25BFC354ED}.Debug|Any CPU.ActiveCfg = Debug|Any CPU
		{E7241BA6-9C07-4F7D-B2C8-CC25BFC354ED}.Debug|Any CPU.Build.0 = Debug|Any CPU
		{E7241BA6-9C07-4F7D-B2C8-CC25BFC354ED}.Release|Any CPU.ActiveCfg = Release|Any CPU
		{E7241BA6-9C07-4F7D-B2C8-CC25BFC354ED}.Release|Any CPU.Build.0 = Release|Any CPU
	EndGlobalSection
	GlobalSection(SolutionProperties) = preSolution
		HideSolutionNode = FALSE
	EndGlobalSection
	GlobalSection(ExtensibilityGlobals) = postSolution
		SolutionGuid = {8B551286-87CA-46EB-B514-86E2EE4211D0}
	EndGlobalSection
EndGlobal
